
Microsoft Visual Studio Solution File, Format Version 12.00
# Visual Studio 15
VisualStudioVersion = 15.0.26730.16
MinimumVisualStudioVersion = 10.0.40219.1
Project("{FAE04EC0-301F-11D3-BF4B-00C04F79EFBC}") = "bot.kraken.app", "bot.kraken.app\bot.kraken.app.csproj", "{01BC02A5-0B46-4F3A-805C-9ACE2475D516}"
EndProject
Project("{FAE04EC0-301F-11D3-BF4B-00C04F79EFBC}") = "bot.kraken", "bot.kraken\bot.kraken.csproj", "{56FC4AEA-C021-42AB-9796-44156C78C206}"
EndProject
Project("{2150E333-8FDC-42A3-9474-1A3956D46DE8}") = "tests", "tests", "{71A4EC08-7439-42C2-A606-55BA3933BE98}"
EndProject
Project("{FAE04EC0-301F-11D3-BF4B-00C04F79EFBC}") = "bot.kraken.tests", "bot.kraken.tests\bot.kraken.tests.csproj", "{378CBA66-4A35-4396-935C-F2FB248A2B84}"
EndProject
Project("{FAE04EC0-301F-11D3-BF4B-00C04F79EFBC}") = "bot.core", "bot.core\bot.core.csproj", "{C3D60570-DB25-4FE2-B90B-65FDA05DBAAA}"
EndProject
Project("{FAE04EC0-301F-11D3-BF4B-00C04F79EFBC}") = "bot.model", "bot.model\bot.model.csproj", "{B26AFD5B-88C6-4FF5-8601-1EFE8B869479}"
EndProject
Project("{FAE04EC0-301F-11D3-BF4B-00C04F79EFBC}") = "bot.core.tests", "bot.core.tests\bot.core.tests.csproj", "{FE50E5C4-8EDF-4688-ADAF-DE9CFA4B3F03}"
EndProject
Project("{FAE04EC0-301F-11D3-BF4B-00C04F79EFBC}") = "bot.core.trading", "bot.core.trading\bot.core.trading.csproj", "{432A07C1-F082-4C90-96FC-A1B857683E50}"
EndProject
Project("{FAE04EC0-301F-11D3-BF4B-00C04F79EFBC}") = "bot.service.loader", "bot.service.loader\bot.service.loader.csproj", "{673628DE-4DB1-498F-8FEC-7E5D20AF6F7A}"
EndProject
Global
	GlobalSection(SolutionConfigurationPlatforms) = preSolution
		Debug|Any CPU = Debug|Any CPU
		Release|Any CPU = Release|Any CPU
	EndGlobalSection
	GlobalSection(ProjectConfigurationPlatforms) = postSolution
		{01BC02A5-0B46-4F3A-805C-9ACE2475D516}.Debug|Any CPU.ActiveCfg = Debug|Any CPU
		{01BC02A5-0B46-4F3A-805C-9ACE2475D516}.Debug|Any CPU.Build.0 = Debug|Any CPU
		{01BC02A5-0B46-4F3A-805C-9ACE2475D516}.Release|Any CPU.ActiveCfg = Release|Any CPU
		{01BC02A5-0B46-4F3A-805C-9ACE2475D516}.Release|Any CPU.Build.0 = Release|Any CPU
		{56FC4AEA-C021-42AB-9796-44156C78C206}.Debug|Any CPU.ActiveCfg = Debug|Any CPU
		{56FC4AEA-C021-42AB-9796-44156C78C206}.Debug|Any CPU.Build.0 = Debug|Any CPU
		{56FC4AEA-C021-42AB-9796-44156C78C206}.Release|Any CPU.ActiveCfg = Release|Any CPU
		{56FC4AEA-C021-42AB-9796-44156C78C206}.Release|Any CPU.Build.0 = Release|Any CPU
		{378CBA66-4A35-4396-935C-F2FB248A2B84}.Debug|Any CPU.ActiveCfg = Debug|Any CPU
		{378CBA66-4A35-4396-935C-F2FB248A2B84}.Debug|Any CPU.Build.0 = Debug|Any CPU
		{378CBA66-4A35-4396-935C-F2FB248A2B84}.Release|Any CPU.ActiveCfg = Release|Any CPU
		{378CBA66-4A35-4396-935C-F2FB248A2B84}.Release|Any CPU.Build.0 = Release|Any CPU
		{C3D60570-DB25-4FE2-B90B-65FDA05DBAAA}.Debug|Any CPU.ActiveCfg = Debug|Any CPU
		{C3D60570-DB25-4FE2-B90B-65FDA05DBAAA}.Debug|Any CPU.Build.0 = Debug|Any CPU
		{C3D60570-DB25-4FE2-B90B-65FDA05DBAAA}.Release|Any CPU.ActiveCfg = Release|Any CPU
		{C3D60570-DB25-4FE2-B90B-65FDA05DBAAA}.Release|Any CPU.Build.0 = Release|Any CPU
		{B26AFD5B-88C6-4FF5-8601-1EFE8B869479}.Debug|Any CPU.ActiveCfg = Debug|Any CPU
		{B26AFD5B-88C6-4FF5-8601-1EFE8B869479}.Debug|Any CPU.Build.0 = Debug|Any CPU
		{B26AFD5B-88C6-4FF5-8601-1EFE8B869479}.Release|Any CPU.ActiveCfg = Release|Any CPU
		{B26AFD5B-88C6-4FF5-8601-1EFE8B869479}.Release|Any CPU.Build.0 = Release|Any CPU
		{FE50E5C4-8EDF-4688-ADAF-DE9CFA4B3F03}.Debug|Any CPU.ActiveCfg = Debug|Any CPU
		{FE50E5C4-8EDF-4688-ADAF-DE9CFA4B3F03}.Debug|Any CPU.Build.0 = Debug|Any CPU
		{FE50E5C4-8EDF-4688-ADAF-DE9CFA4B3F03}.Release|Any CPU.ActiveCfg = Release|Any CPU
		{FE50E5C4-8EDF-4688-ADAF-DE9CFA4B3F03}.Release|Any CPU.Build.0 = Release|Any CPU
		{432A07C1-F082-4C90-96FC-A1B857683E50}.Debug|Any CPU.ActiveCfg = Debug|Any CPU
		{432A07C1-F082-4C90-96FC-A1B857683E50}.Debug|Any CPU.Build.0 = Debug|Any CPU
		{432A07C1-F082-4C90-96FC-A1B857683E50}.Release|Any CPU.ActiveCfg = Release|Any CPU
		{432A07C1-F082-4C90-96FC-A1B857683E50}.Release|Any CPU.Build.0 = Release|Any CPU
		{673628DE-4DB1-498F-8FEC-7E5D20AF6F7A}.Debug|Any CPU.ActiveCfg = Debug|Any CPU
		{673628DE-4DB1-498F-8FEC-7E5D20AF6F7A}.Debug|Any CPU.Build.0 = Debug|Any CPU
		{673628DE-4DB1-498F-8FEC-7E5D20AF6F7A}.Release|Any CPU.ActiveCfg = Release|Any CPU
		{673628DE-4DB1-498F-8FEC-7E5D20AF6F7A}.Release|Any CPU.Build.0 = Release|Any CPU
	EndGlobalSection
	GlobalSection(SolutionProperties) = preSolution
		HideSolutionNode = FALSE
	EndGlobalSection
	GlobalSection(NestedProjects) = preSolution
		{378CBA66-4A35-4396-935C-F2FB248A2B84} = {71A4EC08-7439-42C2-A606-55BA3933BE98}
		{FE50E5C4-8EDF-4688-ADAF-DE9CFA4B3F03} = {71A4EC08-7439-42C2-A606-55BA3933BE98}
	EndGlobalSection
	GlobalSection(ExtensibilityGlobals) = postSolution
		SolutionGuid = {8AA32A69-B87A-4246-B1FE-0844B86D7695}
	EndGlobalSection
EndGlobal
